
Microsoft Visual Studio Solution File, Format Version 12.00
# Visual Studio Version 17
VisualStudioVersion = 17.7.34221.43
MinimumVisualStudioVersion = 10.0.40219.1
Project("{FAE04EC0-301F-11D3-BF4B-00C04F79EFBC}") = "ConAppDay21Assignment", "ConAppDay21Assignment\ConAppDay21Assignment.csproj", "{26BFED87-9ADE-46EC-8E59-7E163E6BC948}"
EndProject
Global
	GlobalSection(SolutionConfigurationPlatforms) = preSolution
		Debug|Any CPU = Debug|Any CPU
		Release|Any CPU = Release|Any CPU
	EndGlobalSection
	GlobalSection(ProjectConfigurationPlatforms) = postSolution
		{26BFED87-9ADE-46EC-8E59-7E163E6BC948}.Debug|Any CPU.ActiveCfg = Debug|Any CPU
		{26BFED87-9ADE-46EC-8E59-7E163E6BC948}.Debug|Any CPU.Build.0 = Debug|Any CPU
		{26BFED87-9ADE-46EC-8E59-7E163E6BC948}.Release|Any CPU.ActiveCfg = Release|Any CPU
		{26BFED87-9ADE-46EC-8E59-7E163E6BC948}.Release|Any CPU.Build.0 = Release|Any CPU
	EndGlobalSection
	GlobalSection(SolutionProperties) = preSolution
		HideSolutionNode = FALSE
	EndGlobalSection
	GlobalSection(ExtensibilityGlobals) = postSolution
		SolutionGuid = {417BD8AC-2D9D-40D0-AC5D-607511039F80}
	EndGlobalSection
EndGlobal
